
Microsoft Visual Studio Solution File, Format Version 12.00
# Visual Studio Version 17
VisualStudioVersion = 17.2.32519.379
MinimumVisualStudioVersion = 10.0.40219.1
Project("{FAE04EC0-301F-11D3-BF4B-00C04F79EFBC}") = "SC.Question.Models", "SC.Question.Models\SC.Question.Models.csproj", "{38E1DC5D-D1E0-418B-B464-CC5183079809}"
EndProject
Project("{FAE04EC0-301F-11D3-BF4B-00C04F79EFBC}") = "SC.Question.Service", "SC.Question.Service\SC.Question.Service.csproj", "{79ACADD8-3820-40A6-B422-9664C69B8521}"
EndProject
Project("{FAE04EC0-301F-11D3-BF4B-00C04F79EFBC}") = "SC.Question.Database", "SC.Question.Database\SC.Question.Database.csproj", "{F606D3CA-4B4A-4953-B48D-12F68708635A}"
EndProject
Project("{FAE04EC0-301F-11D3-BF4B-00C04F79EFBC}") = "SC.Question.Command", "SC.Question.Command\SC.Question.Command.csproj", "{70229E81-F074-4EB6-A4A1-CD04C49E891C}"
EndProject
Project("{FAE04EC0-301F-11D3-BF4B-00C04F79EFBC}") = "SC.Question.WebAPI", "SC.Question.WebAPI\SC.Question.WebAPI.csproj", "{081BDCC5-0416-4332-8A75-2C36BD12C6B7}"
EndProject
Global
	GlobalSection(SolutionConfigurationPlatforms) = preSolution
		Debug|Any CPU = Debug|Any CPU
		Release|Any CPU = Release|Any CPU
	EndGlobalSection
	GlobalSection(ProjectConfigurationPlatforms) = postSolution
		{38E1DC5D-D1E0-418B-B464-CC5183079809}.Debug|Any CPU.ActiveCfg = Debug|Any CPU
		{38E1DC5D-D1E0-418B-B464-CC5183079809}.Debug|Any CPU.Build.0 = Debug|Any CPU
		{38E1DC5D-D1E0-418B-B464-CC5183079809}.Release|Any CPU.ActiveCfg = Release|Any CPU
		{38E1DC5D-D1E0-418B-B464-CC5183079809}.Release|Any CPU.Build.0 = Release|Any CPU
		{79ACADD8-3820-40A6-B422-9664C69B8521}.Debug|Any CPU.ActiveCfg = Debug|Any CPU
		{79ACADD8-3820-40A6-B422-9664C69B8521}.Debug|Any CPU.Build.0 = Debug|Any CPU
		{79ACADD8-3820-40A6-B422-9664C69B8521}.Release|Any CPU.ActiveCfg = Release|Any CPU
		{79ACADD8-3820-40A6-B422-9664C69B8521}.Release|Any CPU.Build.0 = Release|Any CPU
		{F606D3CA-4B4A-4953-B48D-12F68708635A}.Debug|Any CPU.ActiveCfg = Debug|Any CPU
		{F606D3CA-4B4A-4953-B48D-12F68708635A}.Debug|Any CPU.Build.0 = Debug|Any CPU
		{F606D3CA-4B4A-4953-B48D-12F68708635A}.Release|Any CPU.ActiveCfg = Release|Any CPU
		{F606D3CA-4B4A-4953-B48D-12F68708635A}.Release|Any CPU.Build.0 = Release|Any CPU
		{70229E81-F074-4EB6-A4A1-CD04C49E891C}.Debug|Any CPU.ActiveCfg = Debug|Any CPU
		{70229E81-F074-4EB6-A4A1-CD04C49E891C}.Debug|Any CPU.Build.0 = Debug|Any CPU
		{70229E81-F074-4EB6-A4A1-CD04C49E891C}.Release|Any CPU.ActiveCfg = Release|Any CPU
		{70229E81-F074-4EB6-A4A1-CD04C49E891C}.Release|Any CPU.Build.0 = Release|Any CPU
		{081BDCC5-0416-4332-8A75-2C36BD12C6B7}.Debug|Any CPU.ActiveCfg = Debug|Any CPU
		{081BDCC5-0416-4332-8A75-2C36BD12C6B7}.Debug|Any CPU.Build.0 = Debug|Any CPU
		{081BDCC5-0416-4332-8A75-2C36BD12C6B7}.Release|Any CPU.ActiveCfg = Release|Any CPU
		{081BDCC5-0416-4332-8A75-2C36BD12C6B7}.Release|Any CPU.Build.0 = Release|Any CPU
	EndGlobalSection
	GlobalSection(SolutionProperties) = preSolution
		HideSolutionNode = FALSE
	EndGlobalSection
	GlobalSection(ExtensibilityGlobals) = postSolution
		SolutionGuid = {DC3D6A1E-B86A-496A-BBE9-C20C50CAC616}
	EndGlobalSection
EndGlobal
